// !$*UTF8*$!
{
	archiveVersion = 1;
	classes = {
	};
	objectVersion = 56;
	objects = {

/* Begin PBXBuildFile section */
		A42D99522B4AB2490099FC59 /* CatalogView.swift in Sources */ = {isa = PBXBuildFile; fileRef = A42D99512B4AB2490099FC59 /* CatalogView.swift */; };
		A42D99542B4AB37E0099FC59 /* CartManager.swift in Sources */ = {isa = PBXBuildFile; fileRef = A42D99532B4AB37D0099FC59 /* CartManager.swift */; };
		A42D99562B4AC2A90099FC59 /* CartView.swift in Sources */ = {isa = PBXBuildFile; fileRef = A42D99552B4AC2A90099FC59 /* CartView.swift */; };
		A42D99582B4AC3F00099FC59 /* AppTabBarView.swift in Sources */ = {isa = PBXBuildFile; fileRef = A42D99572B4AC3F00099FC59 /* AppTabBarView.swift */; };
		A478AFDB2BF9FF8E00C1FF4E /* MapView.swift in Sources */ = {isa = PBXBuildFile; fileRef = A478AFDA2BF9FF8E00C1FF4E /* MapView.swift */; };
		A478AFDD2BFA002B00C1FF4E /* Store.swift in Sources */ = {isa = PBXBuildFile; fileRef = A478AFDC2BFA002B00C1FF4E /* Store.swift */; };
		A478AFDF2BFA003700C1FF4E /* MapViewModel.swift in Sources */ = {isa = PBXBuildFile; fileRef = A478AFDE2BFA003700C1FF4E /* MapViewModel.swift */; };
		A4BA4A742B507B4900541C06 /* PurchaseHistoryViewModel.swift in Sources */ = {isa = PBXBuildFile; fileRef = A4BA4A732B507B4900541C06 /* PurchaseHistoryViewModel.swift */; };
		A4BA4A762B507B8F00541C06 /* PurchaseHistoryView.swift in Sources */ = {isa = PBXBuildFile; fileRef = A4BA4A752B507B8F00541C06 /* PurchaseHistoryView.swift */; };
		A4DE04382B4EE11300C1B129 /* CatalogViewModel.swift in Sources */ = {isa = PBXBuildFile; fileRef = A4DE04372B4EE11300C1B129 /* CatalogViewModel.swift */; };
		A4DE043A2B4EE2D000C1B129 /* AuthManager.swift in Sources */ = {isa = PBXBuildFile; fileRef = A4DE04392B4EE2D000C1B129 /* AuthManager.swift */; };
		A4DE043C2B4EFA4500C1B129 /* CatalogItem.swift in Sources */ = {isa = PBXBuildFile; fileRef = A4DE043B2B4EFA4500C1B129 /* CatalogItem.swift */; };
		A4DE043F2B4EFE8100C1B129 /* DetailView.swift in Sources */ = {isa = PBXBuildFile; fileRef = A4DE043E2B4EFE8100C1B129 /* DetailView.swift */; };
		A4DE04412B4EFECD00C1B129 /* DetailViewModel.swift in Sources */ = {isa = PBXBuildFile; fileRef = A4DE04402B4EFECD00C1B129 /* DetailViewModel.swift */; };
		A4DE04442B4F048000C1B129 /* CollectionCreationView.swift in Sources */ = {isa = PBXBuildFile; fileRef = A4DE04432B4F048000C1B129 /* CollectionCreationView.swift */; };
		A4DE04462B4F049D00C1B129 /* CollectionCreationViewModel.swift in Sources */ = {isa = PBXBuildFile; fileRef = A4DE04452B4F049D00C1B129 /* CollectionCreationViewModel.swift */; };
		A4F742F82B20B3020061E8C0 /* radioApp.swift in Sources */ = {isa = PBXBuildFile; fileRef = A4F742F72B20B3020061E8C0 /* radioApp.swift */; };
		A4F742FC2B20B3040061E8C0 /* Assets.xcassets in Resources */ = {isa = PBXBuildFile; fileRef = A4F742FB2B20B3040061E8C0 /* Assets.xcassets */; };
		A4F742FF2B20B3040061E8C0 /* Preview Assets.xcassets in Resources */ = {isa = PBXBuildFile; fileRef = A4F742FE2B20B3040061E8C0 /* Preview Assets.xcassets */; };
		A4F743092B20B3040061E8C0 /* radioTests.swift in Sources */ = {isa = PBXBuildFile; fileRef = A4F743082B20B3040061E8C0 /* radioTests.swift */; };
		A4F743132B20B3040061E8C0 /* radioUITests.swift in Sources */ = {isa = PBXBuildFile; fileRef = A4F743122B20B3040061E8C0 /* radioUITests.swift */; };
		A4F743152B20B3040061E8C0 /* radioUITestsLaunchTests.swift in Sources */ = {isa = PBXBuildFile; fileRef = A4F743142B20B3040061E8C0 /* radioUITestsLaunchTests.swift */; };
		A4F743272B20B3290061E8C0 /* Encoding.swift in Sources */ = {isa = PBXBuildFile; fileRef = A4F743222B20B3290061E8C0 /* Encoding.swift */; };
		A4F743282B20B3290061E8C0 /* Target.swift in Sources */ = {isa = PBXBuildFile; fileRef = A4F743232B20B3290061E8C0 /* Target.swift */; };
		A4F743292B20B3290061E8C0 /* RequestBuilder.swift in Sources */ = {isa = PBXBuildFile; fileRef = A4F743242B20B3290061E8C0 /* RequestBuilder.swift */; };
		A4F7432A2B20B3290061E8C0 /* NetworkProvider.swift in Sources */ = {isa = PBXBuildFile; fileRef = A4F743252B20B3290061E8C0 /* NetworkProvider.swift */; };
		A4F7432B2B20B3290061E8C0 /* RadioTarget.swift in Sources */ = {isa = PBXBuildFile; fileRef = A4F743262B20B3290061E8C0 /* RadioTarget.swift */; };
		A4F7432E2B20B39B0061E8C0 /* DefaultParameterEncodingTests.swift in Sources */ = {isa = PBXBuildFile; fileRef = A4F7432D2B20B39B0061E8C0 /* DefaultParameterEncodingTests.swift */; };
		A4F743302B20B39F0061E8C0 /* JSONSerializerTests.swift in Sources */ = {isa = PBXBuildFile; fileRef = A4F7432F2B20B39F0061E8C0 /* JSONSerializerTests.swift */; };
		A4F743322B20B3D10061E8C0 /* Config.swift in Sources */ = {isa = PBXBuildFile; fileRef = A4F743312B20B3D10061E8C0 /* Config.swift */; };
		A4F743342B20B47D0061E8C0 /* HTTPMethods.swift in Sources */ = {isa = PBXBuildFile; fileRef = A4F743332B20B47D0061E8C0 /* HTTPMethods.swift */; };
		A4F743362B20B4B50061E8C0 /* Dependencies in Frameworks */ = {isa = PBXBuildFile; productRef = A4F743352B20B4B50061E8C0 /* Dependencies */; };
		A4F743382B20B4B50061E8C0 /* DependenciesMacros in Frameworks */ = {isa = PBXBuildFile; productRef = A4F743372B20B4B50061E8C0 /* DependenciesMacros */; };
		A4F7433A2B20B5780061E8C0 /* JSONSerializer.swift in Sources */ = {isa = PBXBuildFile; fileRef = A4F743392B20B5780061E8C0 /* JSONSerializer.swift */; };
		A4F7433C2B20B5B60061E8C0 /* Logger.swift in Sources */ = {isa = PBXBuildFile; fileRef = A4F7433B2B20B5B60061E8C0 /* Logger.swift */; };
		A4F7433E2B20B5C50061E8C0 /* JSONDecoder.swift in Sources */ = {isa = PBXBuildFile; fileRef = A4F7433D2B20B5C50061E8C0 /* JSONDecoder.swift */; };
		A4F743402B20B6310061E8C0 /* NetworkError.swift in Sources */ = {isa = PBXBuildFile; fileRef = A4F7433F2B20B6300061E8C0 /* NetworkError.swift */; };
		A4F743442B21B8F30061E8C0 /* AuthViewModel.swift in Sources */ = {isa = PBXBuildFile; fileRef = A4F743432B21B8F30061E8C0 /* AuthViewModel.swift */; };
		A4F743462B21B9520061E8C0 /* UserModel.swift in Sources */ = {isa = PBXBuildFile; fileRef = A4F743452B21B9520061E8C0 /* UserModel.swift */; };
		A4F743482B21BD920061E8C0 /* AuthView.swift in Sources */ = {isa = PBXBuildFile; fileRef = A4F743472B21BD920061E8C0 /* AuthView.swift */; };
		A4F7434B2B21C2B80061E8C0 /* JSONEncodingTests.swift in Sources */ = {isa = PBXBuildFile; fileRef = A4F7434A2B21C2B80061E8C0 /* JSONEncodingTests.swift */; };
/* End PBXBuildFile section */

/* Begin PBXContainerItemProxy section */
		A4F743052B20B3040061E8C0 /* PBXContainerItemProxy */ = {
			isa = PBXContainerItemProxy;
			containerPortal = A4F742EC2B20B3020061E8C0 /* Project object */;
			proxyType = 1;
			remoteGlobalIDString = A4F742F32B20B3020061E8C0;
			remoteInfo = radio;
		};
		A4F7430F2B20B3040061E8C0 /* PBXContainerItemProxy */ = {
			isa = PBXContainerItemProxy;
			containerPortal = A4F742EC2B20B3020061E8C0 /* Project object */;
			proxyType = 1;
			remoteGlobalIDString = A4F742F32B20B3020061E8C0;
			remoteInfo = radio;
		};
/* End PBXContainerItemProxy section */

/* Begin PBXFileReference section */
		A42D99512B4AB2490099FC59 /* CatalogView.swift */ = {isa = PBXFileReference; lastKnownFileType = sourcecode.swift; path = CatalogView.swift; sourceTree = "<group>"; };
		A42D99532B4AB37D0099FC59 /* CartManager.swift */ = {isa = PBXFileReference; lastKnownFileType = sourcecode.swift; path = CartManager.swift; sourceTree = "<group>"; };
		A42D99552B4AC2A90099FC59 /* CartView.swift */ = {isa = PBXFileReference; lastKnownFileType = sourcecode.swift; path = CartView.swift; sourceTree = "<group>"; };
		A42D99572B4AC3F00099FC59 /* AppTabBarView.swift */ = {isa = PBXFileReference; lastKnownFileType = sourcecode.swift; path = AppTabBarView.swift; sourceTree = "<group>"; };
		A478AFDA2BF9FF8E00C1FF4E /* MapView.swift */ = {isa = PBXFileReference; fileEncoding = 4; lastKnownFileType = sourcecode.swift; path = MapView.swift; sourceTree = "<group>"; };
		A478AFDC2BFA002B00C1FF4E /* Store.swift */ = {isa = PBXFileReference; lastKnownFileType = sourcecode.swift; path = Store.swift; sourceTree = "<group>"; };
		A478AFDE2BFA003700C1FF4E /* MapViewModel.swift */ = {isa = PBXFileReference; lastKnownFileType = sourcecode.swift; path = MapViewModel.swift; sourceTree = "<group>"; };
		A4BA4A732B507B4900541C06 /* PurchaseHistoryViewModel.swift */ = {isa = PBXFileReference; lastKnownFileType = sourcecode.swift; path = PurchaseHistoryViewModel.swift; sourceTree = "<group>"; };
		A4BA4A752B507B8F00541C06 /* PurchaseHistoryView.swift */ = {isa = PBXFileReference; lastKnownFileType = sourcecode.swift; path = PurchaseHistoryView.swift; sourceTree = "<group>"; };
		A4DE04372B4EE11300C1B129 /* CatalogViewModel.swift */ = {isa = PBXFileReference; lastKnownFileType = sourcecode.swift; path = CatalogViewModel.swift; sourceTree = "<group>"; };
		A4DE04392B4EE2D000C1B129 /* AuthManager.swift */ = {isa = PBXFileReference; lastKnownFileType = sourcecode.swift; path = AuthManager.swift; sourceTree = "<group>"; };
		A4DE043B2B4EFA4500C1B129 /* CatalogItem.swift */ = {isa = PBXFileReference; lastKnownFileType = sourcecode.swift; path = CatalogItem.swift; sourceTree = "<group>"; };
		A4DE043E2B4EFE8100C1B129 /* DetailView.swift */ = {isa = PBXFileReference; lastKnownFileType = sourcecode.swift; path = DetailView.swift; sourceTree = "<group>"; };
		A4DE04402B4EFECD00C1B129 /* DetailViewModel.swift */ = {isa = PBXFileReference; lastKnownFileType = sourcecode.swift; path = DetailViewModel.swift; sourceTree = "<group>"; };
		A4DE04432B4F048000C1B129 /* CollectionCreationView.swift */ = {isa = PBXFileReference; lastKnownFileType = sourcecode.swift; path = CollectionCreationView.swift; sourceTree = "<group>"; };
		A4DE04452B4F049D00C1B129 /* CollectionCreationViewModel.swift */ = {isa = PBXFileReference; lastKnownFileType = sourcecode.swift; path = CollectionCreationViewModel.swift; sourceTree = "<group>"; };
		A4F742F42B20B3020061E8C0 /* radio.app */ = {isa = PBXFileReference; explicitFileType = wrapper.application; includeInIndex = 0; path = radio.app; sourceTree = BUILT_PRODUCTS_DIR; };
		A4F742F72B20B3020061E8C0 /* radioApp.swift */ = {isa = PBXFileReference; lastKnownFileType = sourcecode.swift; path = radioApp.swift; sourceTree = "<group>"; };
		A4F742FB2B20B3040061E8C0 /* Assets.xcassets */ = {isa = PBXFileReference; lastKnownFileType = folder.assetcatalog; path = Assets.xcassets; sourceTree = "<group>"; };
		A4F742FE2B20B3040061E8C0 /* Preview Assets.xcassets */ = {isa = PBXFileReference; lastKnownFileType = folder.assetcatalog; path = "Preview Assets.xcassets"; sourceTree = "<group>"; };
		A4F743042B20B3040061E8C0 /* radioTests.xctest */ = {isa = PBXFileReference; explicitFileType = wrapper.cfbundle; includeInIndex = 0; path = radioTests.xctest; sourceTree = BUILT_PRODUCTS_DIR; };
		A4F743082B20B3040061E8C0 /* radioTests.swift */ = {isa = PBXFileReference; lastKnownFileType = sourcecode.swift; path = radioTests.swift; sourceTree = "<group>"; };
		A4F7430E2B20B3040061E8C0 /* radioUITests.xctest */ = {isa = PBXFileReference; explicitFileType = wrapper.cfbundle; includeInIndex = 0; path = radioUITests.xctest; sourceTree = BUILT_PRODUCTS_DIR; };
		A4F743122B20B3040061E8C0 /* radioUITests.swift */ = {isa = PBXFileReference; lastKnownFileType = sourcecode.swift; path = radioUITests.swift; sourceTree = "<group>"; };
		A4F743142B20B3040061E8C0 /* radioUITestsLaunchTests.swift */ = {isa = PBXFileReference; lastKnownFileType = sourcecode.swift; path = radioUITestsLaunchTests.swift; sourceTree = "<group>"; };
		A4F743222B20B3290061E8C0 /* Encoding.swift */ = {isa = PBXFileReference; fileEncoding = 4; lastKnownFileType = sourcecode.swift; path = Encoding.swift; sourceTree = "<group>"; };
		A4F743232B20B3290061E8C0 /* Target.swift */ = {isa = PBXFileReference; fileEncoding = 4; lastKnownFileType = sourcecode.swift; path = Target.swift; sourceTree = "<group>"; };
		A4F743242B20B3290061E8C0 /* RequestBuilder.swift */ = {isa = PBXFileReference; fileEncoding = 4; lastKnownFileType = sourcecode.swift; path = RequestBuilder.swift; sourceTree = "<group>"; };
		A4F743252B20B3290061E8C0 /* NetworkProvider.swift */ = {isa = PBXFileReference; fileEncoding = 4; lastKnownFileType = sourcecode.swift; path = NetworkProvider.swift; sourceTree = "<group>"; };
		A4F743262B20B3290061E8C0 /* RadioTarget.swift */ = {isa = PBXFileReference; fileEncoding = 4; lastKnownFileType = sourcecode.swift; path = RadioTarget.swift; sourceTree = "<group>"; };
		A4F7432D2B20B39B0061E8C0 /* DefaultParameterEncodingTests.swift */ = {isa = PBXFileReference; fileEncoding = 4; lastKnownFileType = sourcecode.swift; path = DefaultParameterEncodingTests.swift; sourceTree = "<group>"; };
		A4F7432F2B20B39F0061E8C0 /* JSONSerializerTests.swift */ = {isa = PBXFileReference; fileEncoding = 4; lastKnownFileType = sourcecode.swift; path = JSONSerializerTests.swift; sourceTree = "<group>"; };
		A4F743312B20B3D10061E8C0 /* Config.swift */ = {isa = PBXFileReference; lastKnownFileType = sourcecode.swift; path = Config.swift; sourceTree = "<group>"; };
		A4F743332B20B47D0061E8C0 /* HTTPMethods.swift */ = {isa = PBXFileReference; fileEncoding = 4; lastKnownFileType = sourcecode.swift; path = HTTPMethods.swift; sourceTree = "<group>"; };
		A4F743392B20B5780061E8C0 /* JSONSerializer.swift */ = {isa = PBXFileReference; fileEncoding = 4; lastKnownFileType = sourcecode.swift; path = JSONSerializer.swift; sourceTree = "<group>"; };
		A4F7433B2B20B5B60061E8C0 /* Logger.swift */ = {isa = PBXFileReference; fileEncoding = 4; lastKnownFileType = sourcecode.swift; path = Logger.swift; sourceTree = "<group>"; };
		A4F7433D2B20B5C50061E8C0 /* JSONDecoder.swift */ = {isa = PBXFileReference; fileEncoding = 4; lastKnownFileType = sourcecode.swift; path = JSONDecoder.swift; sourceTree = "<group>"; };
		A4F7433F2B20B6300061E8C0 /* NetworkError.swift */ = {isa = PBXFileReference; fileEncoding = 4; lastKnownFileType = sourcecode.swift; path = NetworkError.swift; sourceTree = "<group>"; };
		A4F743432B21B8F30061E8C0 /* AuthViewModel.swift */ = {isa = PBXFileReference; lastKnownFileType = sourcecode.swift; path = AuthViewModel.swift; sourceTree = "<group>"; };
		A4F743452B21B9520061E8C0 /* UserModel.swift */ = {isa = PBXFileReference; lastKnownFileType = sourcecode.swift; path = UserModel.swift; sourceTree = "<group>"; };
		A4F743472B21BD920061E8C0 /* AuthView.swift */ = {isa = PBXFileReference; lastKnownFileType = sourcecode.swift; path = AuthView.swift; sourceTree = "<group>"; };
		A4F743492B21BEF90061E8C0 /* Info.plist */ = {isa = PBXFileReference; lastKnownFileType = text.plist; path = Info.plist; sourceTree = "<group>"; };
		A4F7434A2B21C2B80061E8C0 /* JSONEncodingTests.swift */ = {isa = PBXFileReference; lastKnownFileType = sourcecode.swift; path = JSONEncodingTests.swift; sourceTree = "<group>"; };
/* End PBXFileReference section */

/* Begin PBXFrameworksBuildPhase section */
		A4F742F12B20B3020061E8C0 /* Frameworks */ = {
			isa = PBXFrameworksBuildPhase;
			buildActionMask = 2147483647;
			files = (
				A4F743382B20B4B50061E8C0 /* DependenciesMacros in Frameworks */,
				A4F743362B20B4B50061E8C0 /* Dependencies in Frameworks */,
			);
			runOnlyForDeploymentPostprocessing = 0;
		};
		A4F743012B20B3040061E8C0 /* Frameworks */ = {
			isa = PBXFrameworksBuildPhase;
			buildActionMask = 2147483647;
			files = (
			);
			runOnlyForDeploymentPostprocessing = 0;
		};
		A4F7430B2B20B3040061E8C0 /* Frameworks */ = {
			isa = PBXFrameworksBuildPhase;
			buildActionMask = 2147483647;
			files = (
			);
			runOnlyForDeploymentPostprocessing = 0;
		};
/* End PBXFrameworksBuildPhase section */

/* Begin PBXGroup section */
		A478AFD92BF9FF4E00C1FF4E /* Map */ = {
			isa = PBXGroup;
			children = (
				A478AFDA2BF9FF8E00C1FF4E /* MapView.swift */,
				A478AFDC2BFA002B00C1FF4E /* Store.swift */,
				A478AFDE2BFA003700C1FF4E /* MapViewModel.swift */,
			);
			path = Map;
			sourceTree = "<group>";
		};
		A4BA4A722B507B3700541C06 /* PurchaseHistory */ = {
			isa = PBXGroup;
			children = (
				A4BA4A732B507B4900541C06 /* PurchaseHistoryViewModel.swift */,
				A4BA4A752B507B8F00541C06 /* PurchaseHistoryView.swift */,
			);
			path = PurchaseHistory;
			sourceTree = "<group>";
		};
		A4C107332B230C2500DF2FF9 /* Collections */ = {
			isa = PBXGroup;
			children = (
				A4DE04422B4F046400C1B129 /* Creation */,
				A4DE043D2B4EFE6700C1B129 /* Detail */,
				A42D99512B4AB2490099FC59 /* CatalogView.swift */,
				A4DE04372B4EE11300C1B129 /* CatalogViewModel.swift */,
				A4DE043B2B4EFA4500C1B129 /* CatalogItem.swift */,
			);
			path = Collections;
			sourceTree = "<group>";
		};
		A4C107342B230C2D00DF2FF9 /* Profile */ = {
			isa = PBXGroup;
			children = (
			);
			path = Profile;
			sourceTree = "<group>";
		};
		A4C107352B230C3200DF2FF9 /* Cart */ = {
			isa = PBXGroup;
			children = (
				A4BA4A722B507B3700541C06 /* PurchaseHistory */,
				A42D99532B4AB37D0099FC59 /* CartManager.swift */,
				A42D99552B4AC2A90099FC59 /* CartView.swift */,
			);
			path = Cart;
			sourceTree = "<group>";
		};
		A4DE043D2B4EFE6700C1B129 /* Detail */ = {
			isa = PBXGroup;
			children = (
				A4DE043E2B4EFE8100C1B129 /* DetailView.swift */,
				A4DE04402B4EFECD00C1B129 /* DetailViewModel.swift */,
			);
			path = Detail;
			sourceTree = "<group>";
		};
		A4DE04422B4F046400C1B129 /* Creation */ = {
			isa = PBXGroup;
			children = (
				A4DE04432B4F048000C1B129 /* CollectionCreationView.swift */,
				A4DE04452B4F049D00C1B129 /* CollectionCreationViewModel.swift */,
			);
			path = Creation;
			sourceTree = "<group>";
		};
		A4F742EB2B20B3020061E8C0 = {
			isa = PBXGroup;
			children = (
				A4F742F62B20B3020061E8C0 /* radio */,
				A4F743072B20B3040061E8C0 /* radioTests */,
				A4F743112B20B3040061E8C0 /* radioUITests */,
				A4F742F52B20B3020061E8C0 /* Products */,
			);
			sourceTree = "<group>";
		};
		A4F742F52B20B3020061E8C0 /* Products */ = {
			isa = PBXGroup;
			children = (
				A4F742F42B20B3020061E8C0 /* radio.app */,
				A4F743042B20B3040061E8C0 /* radioTests.xctest */,
				A4F7430E2B20B3040061E8C0 /* radioUITests.xctest */,
			);
			name = Products;
			sourceTree = "<group>";
		};
		A4F742F62B20B3020061E8C0 /* radio */ = {
			isa = PBXGroup;
			children = (
				A4F743492B21BEF90061E8C0 /* Info.plist */,
				A4F743412B21B8D50061E8C0 /* Scenes */,
				A4F742F72B20B3020061E8C0 /* radioApp.swift */,
				A4F743212B20B3290061E8C0 /* Network */,
				A4F742FB2B20B3040061E8C0 /* Assets.xcassets */,
				A4F742FD2B20B3040061E8C0 /* Preview Content */,
				A4F743312B20B3D10061E8C0 /* Config.swift */,
			);
			path = radio;
			sourceTree = "<group>";
		};
		A4F742FD2B20B3040061E8C0 /* Preview Content */ = {
			isa = PBXGroup;
			children = (
				A4F742FE2B20B3040061E8C0 /* Preview Assets.xcassets */,
			);
			path = "Preview Content";
			sourceTree = "<group>";
		};
		A4F743072B20B3040061E8C0 /* radioTests */ = {
			isa = PBXGroup;
			children = (
				A4F7432D2B20B39B0061E8C0 /* DefaultParameterEncodingTests.swift */,
				A4F7432F2B20B39F0061E8C0 /* JSONSerializerTests.swift */,
				A4F743082B20B3040061E8C0 /* radioTests.swift */,
				A4F7434A2B21C2B80061E8C0 /* JSONEncodingTests.swift */,
			);
			path = radioTests;
			sourceTree = "<group>";
		};
		A4F743112B20B3040061E8C0 /* radioUITests */ = {
			isa = PBXGroup;
			children = (
				A4F743122B20B3040061E8C0 /* radioUITests.swift */,
				A4F743142B20B3040061E8C0 /* radioUITestsLaunchTests.swift */,
			);
			path = radioUITests;
			sourceTree = "<group>";
		};
		A4F743212B20B3290061E8C0 /* Network */ = {
			isa = PBXGroup;
			children = (
				A4F7433B2B20B5B60061E8C0 /* Logger.swift */,
				A4F743332B20B47D0061E8C0 /* HTTPMethods.swift */,
				A4F743222B20B3290061E8C0 /* Encoding.swift */,
				A4F7433D2B20B5C50061E8C0 /* JSONDecoder.swift */,
				A4F743392B20B5780061E8C0 /* JSONSerializer.swift */,
				A4F743232B20B3290061E8C0 /* Target.swift */,
				A4F7433F2B20B6300061E8C0 /* NetworkError.swift */,
				A4F743242B20B3290061E8C0 /* RequestBuilder.swift */,
				A4F743252B20B3290061E8C0 /* NetworkProvider.swift */,
				A4F743262B20B3290061E8C0 /* RadioTarget.swift */,
			);
			path = Network;
			sourceTree = "<group>";
		};
		A4F743412B21B8D50061E8C0 /* Scenes */ = {
			isa = PBXGroup;
			children = (
				A478AFD92BF9FF4E00C1FF4E /* Map */,
				A4C107352B230C3200DF2FF9 /* Cart */,
				A4C107342B230C2D00DF2FF9 /* Profile */,
				A4C107332B230C2500DF2FF9 /* Collections */,
				A4F743422B21B8E50061E8C0 /* Auth */,
				A42D99572B4AC3F00099FC59 /* AppTabBarView.swift */,
			);
			path = Scenes;
			sourceTree = "<group>";
		};
		A4F743422B21B8E50061E8C0 /* Auth */ = {
			isa = PBXGroup;
			children = (
				A4F743432B21B8F30061E8C0 /* AuthViewModel.swift */,
				A4F743452B21B9520061E8C0 /* UserModel.swift */,
				A4F743472B21BD920061E8C0 /* AuthView.swift */,
				A4DE04392B4EE2D000C1B129 /* AuthManager.swift */,
			);
			path = Auth;
			sourceTree = "<group>";
		};
/* End PBXGroup section */

/* Begin PBXNativeTarget section */
		A4F742F32B20B3020061E8C0 /* radio */ = {
			isa = PBXNativeTarget;
			buildConfigurationList = A4F743182B20B3040061E8C0 /* Build configuration list for PBXNativeTarget "radio" */;
			buildPhases = (
				A4F742F02B20B3020061E8C0 /* Sources */,
				A4F742F12B20B3020061E8C0 /* Frameworks */,
				A4F742F22B20B3020061E8C0 /* Resources */,
			);
			buildRules = (
			);
			dependencies = (
			);
			name = radio;
			packageProductDependencies = (
				A4F743352B20B4B50061E8C0 /* Dependencies */,
				A4F743372B20B4B50061E8C0 /* DependenciesMacros */,
			);
			productName = radio;
			productReference = A4F742F42B20B3020061E8C0 /* radio.app */;
			productType = "com.apple.product-type.application";
		};
		A4F743032B20B3040061E8C0 /* radioTests */ = {
			isa = PBXNativeTarget;
			buildConfigurationList = A4F7431B2B20B3040061E8C0 /* Build configuration list for PBXNativeTarget "radioTests" */;
			buildPhases = (
				A4F743002B20B3040061E8C0 /* Sources */,
				A4F743012B20B3040061E8C0 /* Frameworks */,
				A4F743022B20B3040061E8C0 /* Resources */,
			);
			buildRules = (
			);
			dependencies = (
				A4F743062B20B3040061E8C0 /* PBXTargetDependency */,
			);
			name = radioTests;
			productName = radioTests;
			productReference = A4F743042B20B3040061E8C0 /* radioTests.xctest */;
			productType = "com.apple.product-type.bundle.unit-test";
		};
		A4F7430D2B20B3040061E8C0 /* radioUITests */ = {
			isa = PBXNativeTarget;
			buildConfigurationList = A4F7431E2B20B3040061E8C0 /* Build configuration list for PBXNativeTarget "radioUITests" */;
			buildPhases = (
				A4F7430A2B20B3040061E8C0 /* Sources */,
				A4F7430B2B20B3040061E8C0 /* Frameworks */,
				A4F7430C2B20B3040061E8C0 /* Resources */,
			);
			buildRules = (
			);
			dependencies = (
				A4F743102B20B3040061E8C0 /* PBXTargetDependency */,
			);
			name = radioUITests;
			productName = radioUITests;
			productReference = A4F7430E2B20B3040061E8C0 /* radioUITests.xctest */;
			productType = "com.apple.product-type.bundle.ui-testing";
		};
/* End PBXNativeTarget section */

/* Begin PBXProject section */
		A4F742EC2B20B3020061E8C0 /* Project object */ = {
			isa = PBXProject;
			attributes = {
				BuildIndependentTargetsInParallel = 1;
				LastSwiftUpdateCheck = 1500;
				LastUpgradeCheck = 1500;
				TargetAttributes = {
					A4F742F32B20B3020061E8C0 = {
						CreatedOnToolsVersion = 15.0.1;
					};
					A4F743032B20B3040061E8C0 = {
						CreatedOnToolsVersion = 15.0.1;
						TestTargetID = A4F742F32B20B3020061E8C0;
					};
					A4F7430D2B20B3040061E8C0 = {
						CreatedOnToolsVersion = 15.0.1;
						TestTargetID = A4F742F32B20B3020061E8C0;
					};
				};
			};
			buildConfigurationList = A4F742EF2B20B3020061E8C0 /* Build configuration list for PBXProject "radio" */;
			compatibilityVersion = "Xcode 14.0";
			developmentRegion = en;
			hasScannedForEncodings = 0;
			knownRegions = (
				en,
				Base,
			);
			mainGroup = A4F742EB2B20B3020061E8C0;
			packageReferences = (
				A4F7432C2B20B37F0061E8C0 /* XCRemoteSwiftPackageReference "swift-dependencies" */,
			);
			productRefGroup = A4F742F52B20B3020061E8C0 /* Products */;
			projectDirPath = "";
			projectRoot = "";
			targets = (
				A4F742F32B20B3020061E8C0 /* radio */,
				A4F743032B20B3040061E8C0 /* radioTests */,
				A4F7430D2B20B3040061E8C0 /* radioUITests */,
			);
		};
/* End PBXProject section */

/* Begin PBXResourcesBuildPhase section */
		A4F742F22B20B3020061E8C0 /* Resources */ = {
			isa = PBXResourcesBuildPhase;
			buildActionMask = 2147483647;
			files = (
				A4F742FF2B20B3040061E8C0 /* Preview Assets.xcassets in Resources */,
				A4F742FC2B20B3040061E8C0 /* Assets.xcassets in Resources */,
			);
			runOnlyForDeploymentPostprocessing = 0;
		};
		A4F743022B20B3040061E8C0 /* Resources */ = {
			isa = PBXResourcesBuildPhase;
			buildActionMask = 2147483647;
			files = (
			);
			runOnlyForDeploymentPostprocessing = 0;
		};
		A4F7430C2B20B3040061E8C0 /* Resources */ = {
			isa = PBXResourcesBuildPhase;
			buildActionMask = 2147483647;
			files = (
			);
			runOnlyForDeploymentPostprocessing = 0;
		};
/* End PBXResourcesBuildPhase section */

/* Begin PBXSourcesBuildPhase section */
		A4F742F02B20B3020061E8C0 /* Sources */ = {
			isa = PBXSourcesBuildPhase;
			buildActionMask = 2147483647;
			files = (
				A478AFDF2BFA003700C1FF4E /* MapViewModel.swift in Sources */,
				A42D99562B4AC2A90099FC59 /* CartView.swift in Sources */,
				A4DE043A2B4EE2D000C1B129 /* AuthManager.swift in Sources */,
				A4BA4A762B507B8F00541C06 /* PurchaseHistoryView.swift in Sources */,
				A42D99542B4AB37E0099FC59 /* CartManager.swift in Sources */,
				A4F7433E2B20B5C50061E8C0 /* JSONDecoder.swift in Sources */,
				A4F743292B20B3290061E8C0 /* RequestBuilder.swift in Sources */,
				A4DE04462B4F049D00C1B129 /* CollectionCreationViewModel.swift in Sources */,
				A4DE04382B4EE11300C1B129 /* CatalogViewModel.swift in Sources */,
				A4F7433C2B20B5B60061E8C0 /* Logger.swift in Sources */,
				A4DE04442B4F048000C1B129 /* CollectionCreationView.swift in Sources */,
				A4DE04412B4EFECD00C1B129 /* DetailViewModel.swift in Sources */,
				A4F7432B2B20B3290061E8C0 /* RadioTarget.swift in Sources */,
				A4F743272B20B3290061E8C0 /* Encoding.swift in Sources */,
				A4F743482B21BD920061E8C0 /* AuthView.swift in Sources */,
				A478AFDB2BF9FF8E00C1FF4E /* MapView.swift in Sources */,
				A478AFDD2BFA002B00C1FF4E /* Store.swift in Sources */,
				A4DE043C2B4EFA4500C1B129 /* CatalogItem.swift in Sources */,
				A4F743282B20B3290061E8C0 /* Target.swift in Sources */,
				A4F7433A2B20B5780061E8C0 /* JSONSerializer.swift in Sources */,
				A42D99522B4AB2490099FC59 /* CatalogView.swift in Sources */,
				A4F743342B20B47D0061E8C0 /* HTTPMethods.swift in Sources */,
				A4F743322B20B3D10061E8C0 /* Config.swift in Sources */,
				A4F743442B21B8F30061E8C0 /* AuthViewModel.swift in Sources */,
				A4DE043F2B4EFE8100C1B129 /* DetailView.swift in Sources */,
				A4BA4A742B507B4900541C06 /* PurchaseHistoryViewModel.swift in Sources */,
				A4F743402B20B6310061E8C0 /* NetworkError.swift in Sources */,
				A42D99582B4AC3F00099FC59 /* AppTabBarView.swift in Sources */,
				A4F742F82B20B3020061E8C0 /* radioApp.swift in Sources */,
				A4F743462B21B9520061E8C0 /* UserModel.swift in Sources */,
				A4F7432A2B20B3290061E8C0 /* NetworkProvider.swift in Sources */,
			);
			runOnlyForDeploymentPostprocessing = 0;
		};
		A4F743002B20B3040061E8C0 /* Sources */ = {
			isa = PBXSourcesBuildPhase;
			buildActionMask = 2147483647;
			files = (
				A4F7432E2B20B39B0061E8C0 /* DefaultParameterEncodingTests.swift in Sources */,
				A4F743092B20B3040061E8C0 /* radioTests.swift in Sources */,
				A4F7434B2B21C2B80061E8C0 /* JSONEncodingTests.swift in Sources */,
				A4F743302B20B39F0061E8C0 /* JSONSerializerTests.swift in Sources */,
			);
			runOnlyForDeploymentPostprocessing = 0;
		};
		A4F7430A2B20B3040061E8C0 /* Sources */ = {
			isa = PBXSourcesBuildPhase;
			buildActionMask = 2147483647;
			files = (
				A4F743152B20B3040061E8C0 /* radioUITestsLaunchTests.swift in Sources */,
				A4F743132B20B3040061E8C0 /* radioUITests.swift in Sources */,
			);
			runOnlyForDeploymentPostprocessing = 0;
		};
/* End PBXSourcesBuildPhase section */

/* Begin PBXTargetDependency section */
		A4F743062B20B3040061E8C0 /* PBXTargetDependency */ = {
			isa = PBXTargetDependency;
			target = A4F742F32B20B3020061E8C0 /* radio */;
			targetProxy = A4F743052B20B3040061E8C0 /* PBXContainerItemProxy */;
		};
		A4F743102B20B3040061E8C0 /* PBXTargetDependency */ = {
			isa = PBXTargetDependency;
			target = A4F742F32B20B3020061E8C0 /* radio */;
			targetProxy = A4F7430F2B20B3040061E8C0 /* PBXContainerItemProxy */;
		};
/* End PBXTargetDependency section */

/* Begin XCBuildConfiguration section */
		A4F743162B20B3040061E8C0 /* Debug */ = {
			isa = XCBuildConfiguration;
			buildSettings = {
				ALWAYS_SEARCH_USER_PATHS = NO;
				ASSETCATALOG_COMPILER_GENERATE_SWIFT_ASSET_SYMBOL_EXTENSIONS = YES;
				CLANG_ANALYZER_NONNULL = YES;
				CLANG_ANALYZER_NUMBER_OBJECT_CONVERSION = YES_AGGRESSIVE;
				CLANG_CXX_LANGUAGE_STANDARD = "gnu++20";
				CLANG_ENABLE_MODULES = YES;
				CLANG_ENABLE_OBJC_ARC = YES;
				CLANG_ENABLE_OBJC_WEAK = YES;
				CLANG_WARN_BLOCK_CAPTURE_AUTORELEASING = YES;
				CLANG_WARN_BOOL_CONVERSION = YES;
				CLANG_WARN_COMMA = YES;
				CLANG_WARN_CONSTANT_CONVERSION = YES;
				CLANG_WARN_DEPRECATED_OBJC_IMPLEMENTATIONS = YES;
				CLANG_WARN_DIRECT_OBJC_ISA_USAGE = YES_ERROR;
				CLANG_WARN_DOCUMENTATION_COMMENTS = YES;
				CLANG_WARN_EMPTY_BODY = YES;
				CLANG_WARN_ENUM_CONVERSION = YES;
				CLANG_WARN_INFINITE_RECURSION = YES;
				CLANG_WARN_INT_CONVERSION = YES;
				CLANG_WARN_NON_LITERAL_NULL_CONVERSION = YES;
				CLANG_WARN_OBJC_IMPLICIT_RETAIN_SELF = YES;
				CLANG_WARN_OBJC_LITERAL_CONVERSION = YES;
				CLANG_WARN_OBJC_ROOT_CLASS = YES_ERROR;
				CLANG_WARN_QUOTED_INCLUDE_IN_FRAMEWORK_HEADER = YES;
				CLANG_WARN_RANGE_LOOP_ANALYSIS = YES;
				CLANG_WARN_STRICT_PROTOTYPES = YES;
				CLANG_WARN_SUSPICIOUS_MOVE = YES;
				CLANG_WARN_UNGUARDED_AVAILABILITY = YES_AGGRESSIVE;
				CLANG_WARN_UNREACHABLE_CODE = YES;
				CLANG_WARN__DUPLICATE_METHOD_MATCH = YES;
				COPY_PHASE_STRIP = NO;
				DEBUG_INFORMATION_FORMAT = dwarf;
				ENABLE_STRICT_OBJC_MSGSEND = YES;
				ENABLE_TESTABILITY = YES;
				ENABLE_USER_SCRIPT_SANDBOXING = YES;
				GCC_C_LANGUAGE_STANDARD = gnu17;
				GCC_DYNAMIC_NO_PIC = NO;
				GCC_NO_COMMON_BLOCKS = YES;
				GCC_OPTIMIZATION_LEVEL = 0;
				GCC_PREPROCESSOR_DEFINITIONS = (
					"DEBUG=1",
					"$(inherited)",
				);
				GCC_WARN_64_TO_32_BIT_CONVERSION = YES;
				GCC_WARN_ABOUT_RETURN_TYPE = YES_ERROR;
				GCC_WARN_UNDECLARED_SELECTOR = YES;
				GCC_WARN_UNINITIALIZED_AUTOS = YES_AGGRESSIVE;
				GCC_WARN_UNUSED_FUNCTION = YES;
				GCC_WARN_UNUSED_VARIABLE = YES;
				IPHONEOS_DEPLOYMENT_TARGET = 17.0;
				LOCALIZATION_PREFERS_STRING_CATALOGS = YES;
				MTL_ENABLE_DEBUG_INFO = INCLUDE_SOURCE;
				MTL_FAST_MATH = YES;
				ONLY_ACTIVE_ARCH = YES;
				SDKROOT = iphoneos;
				SWIFT_ACTIVE_COMPILATION_CONDITIONS = "DEBUG $(inherited)";
				SWIFT_OPTIMIZATION_LEVEL = "-Onone";
			};
			name = Debug;
		};
		A4F743172B20B3040061E8C0 /* Release */ = {
			isa = XCBuildConfiguration;
			buildSettings = {
				ALWAYS_SEARCH_USER_PATHS = NO;
				ASSETCATALOG_COMPILER_GENERATE_SWIFT_ASSET_SYMBOL_EXTENSIONS = YES;
				CLANG_ANALYZER_NONNULL = YES;
				CLANG_ANALYZER_NUMBER_OBJECT_CONVERSION = YES_AGGRESSIVE;
				CLANG_CXX_LANGUAGE_STANDARD = "gnu++20";
				CLANG_ENABLE_MODULES = YES;
				CLANG_ENABLE_OBJC_ARC = YES;
				CLANG_ENABLE_OBJC_WEAK = YES;
				CLANG_WARN_BLOCK_CAPTURE_AUTORELEASING = YES;
				CLANG_WARN_BOOL_CONVERSION = YES;
				CLANG_WARN_COMMA = YES;
				CLANG_WARN_CONSTANT_CONVERSION = YES;
				CLANG_WARN_DEPRECATED_OBJC_IMPLEMENTATIONS = YES;
				CLANG_WARN_DIRECT_OBJC_ISA_USAGE = YES_ERROR;
				CLANG_WARN_DOCUMENTATION_COMMENTS = YES;
				CLANG_WARN_EMPTY_BODY = YES;
				CLANG_WARN_ENUM_CONVERSION = YES;
				CLANG_WARN_INFINITE_RECURSION = YES;
				CLANG_WARN_INT_CONVERSION = YES;
				CLANG_WARN_NON_LITERAL_NULL_CONVERSION = YES;
				CLANG_WARN_OBJC_IMPLICIT_RETAIN_SELF = YES;
				CLANG_WARN_OBJC_LITERAL_CONVERSION = YES;
				CLANG_WARN_OBJC_ROOT_CLASS = YES_ERROR;
				CLANG_WARN_QUOTED_INCLUDE_IN_FRAMEWORK_HEADER = YES;
				CLANG_WARN_RANGE_LOOP_ANALYSIS = YES;
				CLANG_WARN_STRICT_PROTOTYPES = YES;
				CLANG_WARN_SUSPICIOUS_MOVE = YES;
				CLANG_WARN_UNGUARDED_AVAILABILITY = YES_AGGRESSIVE;
				CLANG_WARN_UNREACHABLE_CODE = YES;
				CLANG_WARN__DUPLICATE_METHOD_MATCH = YES;
				COPY_PHASE_STRIP = NO;
				DEBUG_INFORMATION_FORMAT = "dwarf-with-dsym";
				ENABLE_NS_ASSERTIONS = NO;
				ENABLE_STRICT_OBJC_MSGSEND = YES;
				ENABLE_USER_SCRIPT_SANDBOXING = YES;
				GCC_C_LANGUAGE_STANDARD = gnu17;
				GCC_NO_COMMON_BLOCKS = YES;
				GCC_WARN_64_TO_32_BIT_CONVERSION = YES;
				GCC_WARN_ABOUT_RETURN_TYPE = YES_ERROR;
				GCC_WARN_UNDECLARED_SELECTOR = YES;
				GCC_WARN_UNINITIALIZED_AUTOS = YES_AGGRESSIVE;
				GCC_WARN_UNUSED_FUNCTION = YES;
				GCC_WARN_UNUSED_VARIABLE = YES;
				IPHONEOS_DEPLOYMENT_TARGET = 17.0;
				LOCALIZATION_PREFERS_STRING_CATALOGS = YES;
				MTL_ENABLE_DEBUG_INFO = NO;
				MTL_FAST_MATH = YES;
				SDKROOT = iphoneos;
				SWIFT_COMPILATION_MODE = wholemodule;
				VALIDATE_PRODUCT = YES;
			};
			name = Release;
		};
		A4F743192B20B3040061E8C0 /* Debug */ = {
			isa = XCBuildConfiguration;
			buildSettings = {
				ASSETCATALOG_COMPILER_APPICON_NAME = AppIcon;
				ASSETCATALOG_COMPILER_GLOBAL_ACCENT_COLOR_NAME = AccentColor;
				CODE_SIGN_STYLE = Automatic;
				CURRENT_PROJECT_VERSION = 1;
				DEVELOPMENT_ASSET_PATHS = "\"radio/Preview Content\"";
				DEVELOPMENT_TEAM = 4Y587KMYF2;
				ENABLE_PREVIEWS = YES;
				GENERATE_INFOPLIST_FILE = YES;
				INFOPLIST_FILE = radio/Info.plist;
				INFOPLIST_KEY_UIApplicationSceneManifest_Generation = YES;
				INFOPLIST_KEY_UIApplicationSupportsIndirectInputEvents = YES;
				INFOPLIST_KEY_UILaunchScreen_Generation = YES;
				INFOPLIST_KEY_UISupportedInterfaceOrientations_iPad = "UIInterfaceOrientationPortrait UIInterfaceOrientationPortraitUpsideDown UIInterfaceOrientationLandscapeLeft UIInterfaceOrientationLandscapeRight";
				INFOPLIST_KEY_UISupportedInterfaceOrientations_iPhone = "UIInterfaceOrientationPortrait UIInterfaceOrientationLandscapeLeft UIInterfaceOrientationLandscapeRight";
				LD_RUNPATH_SEARCH_PATHS = (
					"$(inherited)",
					"@executable_path/Frameworks",
				);
				MARKETING_VERSION = 1.0;
				PRODUCT_BUNDLE_IDENTIFIER = com.raikh.radio;
				PRODUCT_NAME = "$(TARGET_NAME)";
				SWIFT_EMIT_LOC_STRINGS = YES;
				SWIFT_VERSION = 5.0;
				TARGETED_DEVICE_FAMILY = "1,2";
			};
			name = Debug;
		};
		A4F7431A2B20B3040061E8C0 /* Release */ = {
			isa = XCBuildConfiguration;
			buildSettings = {
				ASSETCATALOG_COMPILER_APPICON_NAME = AppIcon;
				ASSETCATALOG_COMPILER_GLOBAL_ACCENT_COLOR_NAME = AccentColor;
				CODE_SIGN_STYLE = Automatic;
				CURRENT_PROJECT_VERSION = 1;
				DEVELOPMENT_ASSET_PATHS = "\"radio/Preview Content\"";
				DEVELOPMENT_TEAM = 4Y587KMYF2;
				ENABLE_PREVIEWS = YES;
				GENERATE_INFOPLIST_FILE = YES;
				INFOPLIST_FILE = radio/Info.plist;
				INFOPLIST_KEY_UIApplicationSceneManifest_Generation = YES;
				INFOPLIST_KEY_UIApplicationSupportsIndirectInputEvents = YES;
				INFOPLIST_KEY_UILaunchScreen_Generation = YES;
				INFOPLIST_KEY_UISupportedInterfaceOrientations_iPad = "UIInterfaceOrientationPortrait UIInterfaceOrientationPortraitUpsideDown UIInterfaceOrientationLandscapeLeft UIInterfaceOrientationLandscapeRight";
				INFOPLIST_KEY_UISupportedInterfaceOrientations_iPhone = "UIInterfaceOrientationPortrait UIInterfaceOrientationLandscapeLeft UIInterfaceOrientationLandscapeRight";
				LD_RUNPATH_SEARCH_PATHS = (
					"$(inherited)",
					"@executable_path/Frameworks",
				);
				MARKETING_VERSION = 1.0;
				PRODUCT_BUNDLE_IDENTIFIER = com.raikh.radio;
				PRODUCT_NAME = "$(TARGET_NAME)";
				SWIFT_EMIT_LOC_STRINGS = YES;
				SWIFT_VERSION = 5.0;
				TARGETED_DEVICE_FAMILY = "1,2";
			};
			name = Release;
		};
		A4F7431C2B20B3040061E8C0 /* Debug */ = {
			isa = XCBuildConfiguration;
			buildSettings = {
				ALWAYS_EMBED_SWIFT_STANDARD_LIBRARIES = YES;
				BUNDLE_LOADER = "$(TEST_HOST)";
				CODE_SIGN_STYLE = Automatic;
				CURRENT_PROJECT_VERSION = 1;
				DEVELOPMENT_TEAM = 4Y587KMYF2;
				GENERATE_INFOPLIST_FILE = YES;
				IPHONEOS_DEPLOYMENT_TARGET = 17.0;
				MARKETING_VERSION = 1.0;
				PRODUCT_BUNDLE_IDENTIFIER = com.raikh.radioTests;
				PRODUCT_NAME = "$(TARGET_NAME)";
				SWIFT_EMIT_LOC_STRINGS = NO;
				SWIFT_VERSION = 5.0;
				TARGETED_DEVICE_FAMILY = "1,2";
				TEST_HOST = "$(BUILT_PRODUCTS_DIR)/radio.app/$(BUNDLE_EXECUTABLE_FOLDER_PATH)/radio";
			};
			name = Debug;
		};
		A4F7431D2B20B3040061E8C0 /* Release */ = {
			isa = XCBuildConfiguration;
			buildSettings = {
				ALWAYS_EMBED_SWIFT_STANDARD_LIBRARIES = YES;
				BUNDLE_LOADER = "$(TEST_HOST)";
				CODE_SIGN_STYLE = Automatic;
				CURRENT_PROJECT_VERSION = 1;
				DEVELOPMENT_TEAM = 4Y587KMYF2;
				GENERATE_INFOPLIST_FILE = YES;
				IPHONEOS_DEPLOYMENT_TARGET = 17.0;
				MARKETING_VERSION = 1.0;
				PRODUCT_BUNDLE_IDENTIFIER = com.raikh.radioTests;
				PRODUCT_NAME = "$(TARGET_NAME)";
				SWIFT_EMIT_LOC_STRINGS = NO;
				SWIFT_VERSION = 5.0;
				TARGETED_DEVICE_FAMILY = "1,2";
				TEST_HOST = "$(BUILT_PRODUCTS_DIR)/radio.app/$(BUNDLE_EXECUTABLE_FOLDER_PATH)/radio";
			};
			name = Release;
		};
		A4F7431F2B20B3040061E8C0 /* Debug */ = {
			isa = XCBuildConfiguration;
			buildSettings = {
				ALWAYS_EMBED_SWIFT_STANDARD_LIBRARIES = YES;
				CODE_SIGN_STYLE = Automatic;
				CURRENT_PROJECT_VERSION = 1;
				DEVELOPMENT_TEAM = 4Y587KMYF2;
				GENERATE_INFOPLIST_FILE = YES;
				MARKETING_VERSION = 1.0;
				PRODUCT_BUNDLE_IDENTIFIER = com.raikh.radioUITests;
				PRODUCT_NAME = "$(TARGET_NAME)";
				SWIFT_EMIT_LOC_STRINGS = NO;
				SWIFT_VERSION = 5.0;
				TARGETED_DEVICE_FAMILY = "1,2";
				TEST_TARGET_NAME = radio;
			};
			name = Debug;
		};
		A4F743202B20B3040061E8C0 /* Release */ = {
			isa = XCBuildConfiguration;
			buildSettings = {
				ALWAYS_EMBED_SWIFT_STANDARD_LIBRARIES = YES;
				CODE_SIGN_STYLE = Automatic;
				CURRENT_PROJECT_VERSION = 1;
				DEVELOPMENT_TEAM = 4Y587KMYF2;
				GENERATE_INFOPLIST_FILE = YES;
				MARKETING_VERSION = 1.0;
				PRODUCT_BUNDLE_IDENTIFIER = com.raikh.radioUITests;
				PRODUCT_NAME = "$(TARGET_NAME)";
				SWIFT_EMIT_LOC_STRINGS = NO;
				SWIFT_VERSION = 5.0;
				TARGETED_DEVICE_FAMILY = "1,2";
				TEST_TARGET_NAME = radio;
			};
			name = Release;
		};
/* End XCBuildConfiguration section */

/* Begin XCConfigurationList section */
		A4F742EF2B20B3020061E8C0 /* Build configuration list for PBXProject "radio" */ = {
			isa = XCConfigurationList;
			buildConfigurations = (
				A4F743162B20B3040061E8C0 /* Debug */,
				A4F743172B20B3040061E8C0 /* Release */,
			);
			defaultConfigurationIsVisible = 0;
			defaultConfigurationName = Release;
		};
		A4F743182B20B3040061E8C0 /* Build configuration list for PBXNativeTarget "radio" */ = {
			isa = XCConfigurationList;
			buildConfigurations = (
				A4F743192B20B3040061E8C0 /* Debug */,
				A4F7431A2B20B3040061E8C0 /* Release */,
			);
			defaultConfigurationIsVisible = 0;
			defaultConfigurationName = Release;
		};
		A4F7431B2B20B3040061E8C0 /* Build configuration list for PBXNativeTarget "radioTests" */ = {
			isa = XCConfigurationList;
			buildConfigurations = (
				A4F7431C2B20B3040061E8C0 /* Debug */,
				A4F7431D2B20B3040061E8C0 /* Release */,
			);
			defaultConfigurationIsVisible = 0;
			defaultConfigurationName = Release;
		};
		A4F7431E2B20B3040061E8C0 /* Build configuration list for PBXNativeTarget "radioUITests" */ = {
			isa = XCConfigurationList;
			buildConfigurations = (
				A4F7431F2B20B3040061E8C0 /* Debug */,
				A4F743202B20B3040061E8C0 /* Release */,
			);
			defaultConfigurationIsVisible = 0;
			defaultConfigurationName = Release;
		};
/* End XCConfigurationList section */

/* Begin XCRemoteSwiftPackageReference section */
		A4F7432C2B20B37F0061E8C0 /* XCRemoteSwiftPackageReference "swift-dependencies" */ = {
			isa = XCRemoteSwiftPackageReference;
			repositoryURL = "https://github.com/pointfreeco/swift-dependencies.git";
			requirement = {
				kind = upToNextMajorVersion;
				minimumVersion = 1.1.2;
			};
		};
/* End XCRemoteSwiftPackageReference section */

/* Begin XCSwiftPackageProductDependency section */
		A4F743352B20B4B50061E8C0 /* Dependencies */ = {
			isa = XCSwiftPackageProductDependency;
			package = A4F7432C2B20B37F0061E8C0 /* XCRemoteSwiftPackageReference "swift-dependencies" */;
			productName = Dependencies;
		};
		A4F743372B20B4B50061E8C0 /* DependenciesMacros */ = {
			isa = XCSwiftPackageProductDependency;
			package = A4F7432C2B20B37F0061E8C0 /* XCRemoteSwiftPackageReference "swift-dependencies" */;
			productName = DependenciesMacros;
		};
/* End XCSwiftPackageProductDependency section */
	};
	rootObject = A4F742EC2B20B3020061E8C0 /* Project object */;
}
